
Microsoft Visual Studio Solution File, Format Version 12.00
# Visual Studio Version 16
VisualStudioVersion = 16.0.30011.22
MinimumVisualStudioVersion = 10.0.40219.1
Project("{FAE04EC0-301F-11D3-BF4B-00C04F79EFBC}") = "CrudTestCSharp", "CrudTestCSharp\CrudTestCSharp.csproj", "{66E4469C-1FE1-4F79-8565-03B59FB24FE1}"
EndProject
Global
	GlobalSection(SolutionConfigurationPlatforms) = preSolution
		Debug|Any CPU = Debug|Any CPU
		Release|Any CPU = Release|Any CPU
	EndGlobalSection
	GlobalSection(ProjectConfigurationPlatforms) = postSolution
		{66E4469C-1FE1-4F79-8565-03B59FB24FE1}.Debug|Any CPU.ActiveCfg = Debug|Any CPU
		{66E4469C-1FE1-4F79-8565-03B59FB24FE1}.Debug|Any CPU.Build.0 = Debug|Any CPU
		{66E4469C-1FE1-4F79-8565-03B59FB24FE1}.Release|Any CPU.ActiveCfg = Release|Any CPU
		{66E4469C-1FE1-4F79-8565-03B59FB24FE1}.Release|Any CPU.Build.0 = Release|Any CPU
	EndGlobalSection
	GlobalSection(SolutionProperties) = preSolution
		HideSolutionNode = FALSE
	EndGlobalSection
	GlobalSection(ExtensibilityGlobals) = postSolution
		SolutionGuid = {069345A2-AB30-4A50-929D-C4FABA830F91}
	EndGlobalSection
EndGlobal
